
Microsoft Visual Studio Solution File, Format Version 12.00
# Visual Studio 15
VisualStudioVersion = 15.0.27130.2003
MinimumVisualStudioVersion = 10.0.40219.1
Project("{FAE04EC0-301F-11D3-BF4B-00C04F79EFBC}") = "CMPE1700_LAB05_SungheumCho", "CMPE1700_LAB05_SungheumCho\CMPE1700_LAB05_SungheumCho.csproj", "{D6634609-5392-4BFF-9336-7EDCBE6E64D6}"
EndProject
Global
	GlobalSection(SolutionConfigurationPlatforms) = preSolution
		Debug|Any CPU = Debug|Any CPU
		Release|Any CPU = Release|Any CPU
	EndGlobalSection
	GlobalSection(ProjectConfigurationPlatforms) = postSolution
		{D6634609-5392-4BFF-9336-7EDCBE6E64D6}.Debug|Any CPU.ActiveCfg = Debug|Any CPU
		{D6634609-5392-4BFF-9336-7EDCBE6E64D6}.Debug|Any CPU.Build.0 = Debug|Any CPU
		{D6634609-5392-4BFF-9336-7EDCBE6E64D6}.Release|Any CPU.ActiveCfg = Release|Any CPU
		{D6634609-5392-4BFF-9336-7EDCBE6E64D6}.Release|Any CPU.Build.0 = Release|Any CPU
	EndGlobalSection
	GlobalSection(SolutionProperties) = preSolution
		HideSolutionNode = FALSE
	EndGlobalSection
	GlobalSection(ExtensibilityGlobals) = postSolution
		SolutionGuid = {4DE533FD-DB0F-4B8D-95B0-E4030DAC57A2}
	EndGlobalSection
EndGlobal
